# THIS IS AN AUTOGENERATED FILE. DO NOT EDIT THIS FILE DIRECTLY.
# yarn lockfile v1


"@types/figlet@^1.2.0":
  version "1.2.0"
  resolved "https://registry.yarnpkg.com/@types/figlet/-/figlet-1.2.0.tgz#2dab76da069dc8ce5dcab461f7f2788317fb01a8"
  integrity sha512-TDZkNpYfkc3X8yv7w1QBziZmmxzNfGKX+YjeNkMpmSiNV0QOdNf9G5cEZB3FH1/oaqpSQEdxuDzURdju2L3lng==

figlet@^1.2.3:
  version "1.2.3"
  resolved "https://registry.yarnpkg.com/figlet/-/figlet-1.2.3.tgz#7d25df546f41fc411c2a8b88012d48d55de72129"
  integrity sha512-+F5zdvZ66j77b8x2KCPvWUHC0UCKUMWrewxmewgPlagp3wmDpcrHMbyv/ygq/6xoxBPGQA+UJU3SMoBzKoROQQ==
