# THIS IS AN AUTOGENERATED FILE. DO NOT EDIT THIS FILE DIRECTLY.
# yarn lockfile v1


"@types/figlet@^1.2.0":
  version "1.2.0"
  resolved "https://registry.yarnpkg.com/@types/figlet/-/figlet-1.2.0.tgz#2dab76da069dc8ce5dcab461f7f2788317fb01a8"
  integrity sha512-TDZkNpYfkc3X8yv7w1QBziZmmxzNfGKX+YjeNkMpmSiNV0QOdNf9G5cEZB3FH1/oaqpSQEdxuDzURdju2L3lng==

figlet@^1.2.4:
  version "1.2.4"
  resolved "https://registry.yarnpkg.com/figlet/-/figlet-1.2.4.tgz#2d2f48b61a77418ba6cbd9db2e25da27efee16d0"
  integrity sha512-mv8YA9RruB4C5QawPaD29rEVx3N97ZTyNrE4DAfbhuo6tpcMdKnPVo8MlyT3RP5uPcg5M14bEJBq7kjFf4kAWg==

typescript@~3.5.3:
  version "3.5.3"
  resolved "https://registry.yarnpkg.com/typescript/-/typescript-3.5.3.tgz#c830f657f93f1ea846819e929092f5fe5983e977"
  integrity sha512-ACzBtm/PhXBDId6a6sDJfroT2pOWt/oOnk4/dElG5G33ZL776N3Y6/6bKZJBFpd+b05F3Ct9qDjMeJmRWtE2/g==
